
Microsoft Visual Studio Solution File, Format Version 12.00
# Visual Studio Version 17
VisualStudioVersion = 17.10.35027.167
MinimumVisualStudioVersion = 10.0.40219.1
Project("{FAE04EC0-301F-11D3-BF4B-00C04F79EFBC}") = "HubDeEntretenimientoMegaLiderlyBackend", "HubDeEntretenimientoMegaLiderlyBackend.csproj", "{96486A33-257A-49BB-AEC3-F98B087B401E}"
EndProject
Global
	GlobalSection(SolutionConfigurationPlatforms) = preSolution
		Debug|Any CPU = Debug|Any CPU
		Release|Any CPU = Release|Any CPU
	EndGlobalSection
	GlobalSection(ProjectConfigurationPlatforms) = postSolution
		{96486A33-257A-49BB-AEC3-F98B087B401E}.Debug|Any CPU.ActiveCfg = Debug|Any CPU
		{96486A33-257A-49BB-AEC3-F98B087B401E}.Debug|Any CPU.Build.0 = Debug|Any CPU
		{96486A33-257A-49BB-AEC3-F98B087B401E}.Release|Any CPU.ActiveCfg = Release|Any CPU
		{96486A33-257A-49BB-AEC3-F98B087B401E}.Release|Any CPU.Build.0 = Release|Any CPU
	EndGlobalSection
	GlobalSection(SolutionProperties) = preSolution
		HideSolutionNode = FALSE
	EndGlobalSection
	GlobalSection(ExtensibilityGlobals) = postSolution
		SolutionGuid = {C00B61EA-CE1D-463B-8377-9163DE5A8EC3}
	EndGlobalSection
EndGlobal
